// !$*UTF8*$!
{
	archiveVersion = 1;
	classes = {
	};
	objectVersion = 56;
	objects = {

/* Begin PBXBuildFile section */
		B5195F9A2BDFD5BF00C5F5DD /* WebChat.swift in Sources */ = {isa = PBXBuildFile; fileRef = B5195F992BDFD5BF00C5F5DD /* WebChat.swift */; };
		B5195F9D2BE0328A00C5F5DD /* SensibleDateExtensions.swift in Sources */ = {isa = PBXBuildFile; fileRef = B5195F9C2BE0328A00C5F5DD /* SensibleDateExtensions.swift */; };
		B5376A4E2B8BD51B007B3A7A /* YetAnotherChatUIApp.swift in Sources */ = {isa = PBXBuildFile; fileRef = B5376A4D2B8BD51B007B3A7A /* YetAnotherChatUIApp.swift */; };
		B5376A502B8BD51B007B3A7A /* ChatSessionView.swift in Sources */ = {isa = PBXBuildFile; fileRef = B5376A4F2B8BD51B007B3A7A /* ChatSessionView.swift */; };
		B5376A542B8BD51C007B3A7A /* Assets.xcassets in Resources */ = {isa = PBXBuildFile; fileRef = B5376A532B8BD51C007B3A7A /* Assets.xcassets */; };
		B5376A582B8BD51C007B3A7A /* Preview Assets.xcassets in Resources */ = {isa = PBXBuildFile; fileRef = B5376A572B8BD51C007B3A7A /* Preview Assets.xcassets */; };
		B5376A5F2B8BD79C007B3A7A /* ChatSession.swift in Sources */ = {isa = PBXBuildFile; fileRef = B5376A5E2B8BD79C007B3A7A /* ChatSession.swift */; };
		B5376A632B8BD7E5007B3A7A /* ChatSessionContentView.swift in Sources */ = {isa = PBXBuildFile; fileRef = B5376A622B8BD7E5007B3A7A /* ChatSessionContentView.swift */; };
		B5376A652B8BD808007B3A7A /* SettingsView.swift in Sources */ = {isa = PBXBuildFile; fileRef = B5376A642B8BD808007B3A7A /* SettingsView.swift */; };
		B5376A672B8BD825007B3A7A /* ChatTitleView.swift in Sources */ = {isa = PBXBuildFile; fileRef = B5376A662B8BD825007B3A7A /* ChatTitleView.swift */; };
		B5376A692B8BD899007B3A7A /* UserInputRowView.swift in Sources */ = {isa = PBXBuildFile; fileRef = B5376A682B8BD899007B3A7A /* UserInputRowView.swift */; };
		B5376A6B2B8BD8B5007B3A7A /* ScrollToBottomButton.swift in Sources */ = {isa = PBXBuildFile; fileRef = B5376A6A2B8BD8B5007B3A7A /* ScrollToBottomButton.swift */; };
		B5376A6D2B8CC908007B3A7A /* GDPRView.swift in Sources */ = {isa = PBXBuildFile; fileRef = B5376A6C2B8CC908007B3A7A /* GDPRView.swift */; };
		B5376A6F2B8CDD07007B3A7A /* Message.swift in Sources */ = {isa = PBXBuildFile; fileRef = B5376A6E2B8CDD07007B3A7A /* Message.swift */; };
		B5376A712B8CE59E007B3A7A /* ChatMessageView.swift in Sources */ = {isa = PBXBuildFile; fileRef = B5376A702B8CE59E007B3A7A /* ChatMessageView.swift */; };
		B5376A732B8D3D53007B3A7A /* ChatListRowView.swift in Sources */ = {isa = PBXBuildFile; fileRef = B5376A722B8D3D53007B3A7A /* ChatListRowView.swift */; };
		B5927D9D2BAB9D7D00464C6B /* ChatSettings.swift in Sources */ = {isa = PBXBuildFile; fileRef = B5927D9C2BAB9D7D00464C6B /* ChatSettings.swift */; };
/* End PBXBuildFile section */

/* Begin PBXFileReference section */
		B5195F992BDFD5BF00C5F5DD /* WebChat.swift */ = {isa = PBXFileReference; lastKnownFileType = sourcecode.swift; path = WebChat.swift; sourceTree = "<group>"; };
		B5195F9C2BE0328A00C5F5DD /* SensibleDateExtensions.swift */ = {isa = PBXFileReference; lastKnownFileType = sourcecode.swift; path = SensibleDateExtensions.swift; sourceTree = "<group>"; };
		B5376A4A2B8BD51B007B3A7A /* YetAnotherChatUI.app */ = {isa = PBXFileReference; explicitFileType = wrapper.application; includeInIndex = 0; path = YetAnotherChatUI.app; sourceTree = BUILT_PRODUCTS_DIR; };
		B5376A4D2B8BD51B007B3A7A /* YetAnotherChatUIApp.swift */ = {isa = PBXFileReference; lastKnownFileType = sourcecode.swift; path = YetAnotherChatUIApp.swift; sourceTree = "<group>"; };
		B5376A4F2B8BD51B007B3A7A /* ChatSessionView.swift */ = {isa = PBXFileReference; lastKnownFileType = sourcecode.swift; path = ChatSessionView.swift; sourceTree = "<group>"; };
		B5376A532B8BD51C007B3A7A /* Assets.xcassets */ = {isa = PBXFileReference; lastKnownFileType = folder.assetcatalog; path = Assets.xcassets; sourceTree = "<group>"; };
		B5376A552B8BD51C007B3A7A /* YetAnotherChatUI.entitlements */ = {isa = PBXFileReference; lastKnownFileType = text.plist.entitlements; path = YetAnotherChatUI.entitlements; sourceTree = "<group>"; };
		B5376A572B8BD51C007B3A7A /* Preview Assets.xcassets */ = {isa = PBXFileReference; lastKnownFileType = folder.assetcatalog; path = "Preview Assets.xcassets"; sourceTree = "<group>"; };
		B5376A5E2B8BD79C007B3A7A /* ChatSession.swift */ = {isa = PBXFileReference; lastKnownFileType = sourcecode.swift; path = ChatSession.swift; sourceTree = "<group>"; };
		B5376A622B8BD7E5007B3A7A /* ChatSessionContentView.swift */ = {isa = PBXFileReference; lastKnownFileType = sourcecode.swift; path = ChatSessionContentView.swift; sourceTree = "<group>"; };
		B5376A642B8BD808007B3A7A /* SettingsView.swift */ = {isa = PBXFileReference; lastKnownFileType = sourcecode.swift; path = SettingsView.swift; sourceTree = "<group>"; };
		B5376A662B8BD825007B3A7A /* ChatTitleView.swift */ = {isa = PBXFileReference; lastKnownFileType = sourcecode.swift; path = ChatTitleView.swift; sourceTree = "<group>"; };
		B5376A682B8BD899007B3A7A /* UserInputRowView.swift */ = {isa = PBXFileReference; lastKnownFileType = sourcecode.swift; path = UserInputRowView.swift; sourceTree = "<group>"; };
		B5376A6A2B8BD8B5007B3A7A /* ScrollToBottomButton.swift */ = {isa = PBXFileReference; lastKnownFileType = sourcecode.swift; path = ScrollToBottomButton.swift; sourceTree = "<group>"; };
		B5376A6C2B8CC908007B3A7A /* GDPRView.swift */ = {isa = PBXFileReference; lastKnownFileType = sourcecode.swift; path = GDPRView.swift; sourceTree = "<group>"; };
		B5376A6E2B8CDD07007B3A7A /* Message.swift */ = {isa = PBXFileReference; lastKnownFileType = sourcecode.swift; path = Message.swift; sourceTree = "<group>"; };
		B5376A702B8CE59E007B3A7A /* ChatMessageView.swift */ = {isa = PBXFileReference; lastKnownFileType = sourcecode.swift; path = ChatMessageView.swift; sourceTree = "<group>"; };
		B5376A722B8D3D53007B3A7A /* ChatListRowView.swift */ = {isa = PBXFileReference; lastKnownFileType = sourcecode.swift; path = ChatListRowView.swift; sourceTree = "<group>"; };
		B5927D9C2BAB9D7D00464C6B /* ChatSettings.swift */ = {isa = PBXFileReference; lastKnownFileType = sourcecode.swift; path = ChatSettings.swift; sourceTree = "<group>"; };
/* End PBXFileReference section */

/* Begin PBXFrameworksBuildPhase section */
		B5376A472B8BD51B007B3A7A /* Frameworks */ = {
			isa = PBXFrameworksBuildPhase;
			buildActionMask = 2147483647;
			files = (
			);
			runOnlyForDeploymentPostprocessing = 0;
		};
/* End PBXFrameworksBuildPhase section */

/* Begin PBXGroup section */
		B5195F9B2BE0326800C5F5DD /* Libraries */ = {
			isa = PBXGroup;
			children = (
				B5195F9C2BE0328A00C5F5DD /* SensibleDateExtensions.swift */,
			);
			path = Libraries;
			sourceTree = "<group>";
		};
		B5376A412B8BD51B007B3A7A = {
			isa = PBXGroup;
			children = (
				B5376A4C2B8BD51B007B3A7A /* YetAnotherChatUI */,
				B5376A4B2B8BD51B007B3A7A /* Products */,
			);
			sourceTree = "<group>";
		};
		B5376A4B2B8BD51B007B3A7A /* Products */ = {
			isa = PBXGroup;
			children = (
				B5376A4A2B8BD51B007B3A7A /* YetAnotherChatUI.app */,
			);
			name = Products;
			sourceTree = "<group>";
		};
		B5376A4C2B8BD51B007B3A7A /* YetAnotherChatUI */ = {
			isa = PBXGroup;
			children = (
				B5376A4D2B8BD51B007B3A7A /* YetAnotherChatUIApp.swift */,
				B5927D9B2BAB9D4200464C6B /* Views */,
				B5927D9A2BAB9D3000464C6B /* Models */,
				B5195F9B2BE0326800C5F5DD /* Libraries */,
				B5376A532B8BD51C007B3A7A /* Assets.xcassets */,
				B5376A552B8BD51C007B3A7A /* YetAnotherChatUI.entitlements */,
				B5376A562B8BD51C007B3A7A /* Preview Content */,
			);
			path = YetAnotherChatUI;
			sourceTree = "<group>";
		};
		B5376A562B8BD51C007B3A7A /* Preview Content */ = {
			isa = PBXGroup;
			children = (
				B5376A572B8BD51C007B3A7A /* Preview Assets.xcassets */,
			);
			path = "Preview Content";
			sourceTree = "<group>";
		};
		B5927D9A2BAB9D3000464C6B /* Models */ = {
			isa = PBXGroup;
			children = (
				B5376A5E2B8BD79C007B3A7A /* ChatSession.swift */,
				B5927D9C2BAB9D7D00464C6B /* ChatSettings.swift */,
				B5376A6E2B8CDD07007B3A7A /* Message.swift */,
				B5195F992BDFD5BF00C5F5DD /* WebChat.swift */,
			);
			path = Models;
			sourceTree = "<group>";
		};
		B5927D9B2BAB9D4200464C6B /* Views */ = {
			isa = PBXGroup;
			children = (
				B5376A702B8CE59E007B3A7A /* ChatMessageView.swift */,
				B5376A4F2B8BD51B007B3A7A /* ChatSessionView.swift */,
				B5376A722B8D3D53007B3A7A /* ChatListRowView.swift */,
				B5376A622B8BD7E5007B3A7A /* ChatSessionContentView.swift */,
				B5376A6C2B8CC908007B3A7A /* GDPRView.swift */,
				B5376A662B8BD825007B3A7A /* ChatTitleView.swift */,
				B5376A682B8BD899007B3A7A /* UserInputRowView.swift */,
				B5376A6A2B8BD8B5007B3A7A /* ScrollToBottomButton.swift */,
				B5376A642B8BD808007B3A7A /* SettingsView.swift */,
			);
			path = Views;
			sourceTree = "<group>";
		};
/* End PBXGroup section */

/* Begin PBXNativeTarget section */
		B5376A492B8BD51B007B3A7A /* YetAnotherChatUI */ = {
			isa = PBXNativeTarget;
			buildConfigurationList = B5376A5B2B8BD51C007B3A7A /* Build configuration list for PBXNativeTarget "YetAnotherChatUI" */;
			buildPhases = (
				B5376A462B8BD51B007B3A7A /* Sources */,
				B5376A472B8BD51B007B3A7A /* Frameworks */,
				B5376A482B8BD51B007B3A7A /* Resources */,
			);
			buildRules = (
			);
			dependencies = (
			);
			name = YetAnotherChatUI;
			productName = YetAnotherChatUI;
			productReference = B5376A4A2B8BD51B007B3A7A /* YetAnotherChatUI.app */;
			productType = "com.apple.product-type.application";
		};
/* End PBXNativeTarget section */

/* Begin PBXProject section */
		B5376A422B8BD51B007B3A7A /* Project object */ = {
			isa = PBXProject;
			attributes = {
				BuildIndependentTargetsInParallel = 1;
				LastSwiftUpdateCheck = 1520;
				LastUpgradeCheck = 1520;
				TargetAttributes = {
					B5376A492B8BD51B007B3A7A = {
						CreatedOnToolsVersion = 15.2;
					};
				};
			};
			buildConfigurationList = B5376A452B8BD51B007B3A7A /* Build configuration list for PBXProject "YetAnotherChatUI" */;
			compatibilityVersion = "Xcode 14.0";
			developmentRegion = en;
			hasScannedForEncodings = 0;
			knownRegions = (
				en,
				Base,
			);
			mainGroup = B5376A412B8BD51B007B3A7A;
			productRefGroup = B5376A4B2B8BD51B007B3A7A /* Products */;
			projectDirPath = "";
			projectRoot = "";
			targets = (
				B5376A492B8BD51B007B3A7A /* YetAnotherChatUI */,
			);
		};
/* End PBXProject section */

/* Begin PBXResourcesBuildPhase section */
		B5376A482B8BD51B007B3A7A /* Resources */ = {
			isa = PBXResourcesBuildPhase;
			buildActionMask = 2147483647;
			files = (
				B5376A582B8BD51C007B3A7A /* Preview Assets.xcassets in Resources */,
				B5376A542B8BD51C007B3A7A /* Assets.xcassets in Resources */,
			);
			runOnlyForDeploymentPostprocessing = 0;
		};
/* End PBXResourcesBuildPhase section */

/* Begin PBXSourcesBuildPhase section */
		B5376A462B8BD51B007B3A7A /* Sources */ = {
			isa = PBXSourcesBuildPhase;
			buildActionMask = 2147483647;
			files = (
				B5195F9A2BDFD5BF00C5F5DD /* WebChat.swift in Sources */,
				B5376A652B8BD808007B3A7A /* SettingsView.swift in Sources */,
				B5376A6D2B8CC908007B3A7A /* GDPRView.swift in Sources */,
				B5376A692B8BD899007B3A7A /* UserInputRowView.swift in Sources */,
				B5376A6B2B8BD8B5007B3A7A /* ScrollToBottomButton.swift in Sources */,
				B5376A712B8CE59E007B3A7A /* ChatMessageView.swift in Sources */,
				B5376A502B8BD51B007B3A7A /* ChatSessionView.swift in Sources */,
				B5376A5F2B8BD79C007B3A7A /* ChatSession.swift in Sources */,
				B5195F9D2BE0328A00C5F5DD /* SensibleDateExtensions.swift in Sources */,
				B5376A732B8D3D53007B3A7A /* ChatListRowView.swift in Sources */,
				B5376A672B8BD825007B3A7A /* ChatTitleView.swift in Sources */,
				B5376A632B8BD7E5007B3A7A /* ChatSessionContentView.swift in Sources */,
				B5376A6F2B8CDD07007B3A7A /* Message.swift in Sources */,
				B5927D9D2BAB9D7D00464C6B /* ChatSettings.swift in Sources */,
				B5376A4E2B8BD51B007B3A7A /* YetAnotherChatUIApp.swift in Sources */,
			);
			runOnlyForDeploymentPostprocessing = 0;
		};
/* End PBXSourcesBuildPhase section */

/* Begin XCBuildConfiguration section */
		B5376A592B8BD51C007B3A7A /* Debug */ = {
			isa = XCBuildConfiguration;
			buildSettings = {
				ALWAYS_SEARCH_USER_PATHS = NO;
				ASSETCATALOG_COMPILER_GENERATE_SWIFT_ASSET_SYMBOL_EXTENSIONS = YES;
				CLANG_ANALYZER_NONNULL = YES;
				CLANG_ANALYZER_NUMBER_OBJECT_CONVERSION = YES_AGGRESSIVE;
				CLANG_CXX_LANGUAGE_STANDARD = "gnu++20";
				CLANG_ENABLE_MODULES = YES;
				CLANG_ENABLE_OBJC_ARC = YES;
				CLANG_ENABLE_OBJC_WEAK = YES;
				CLANG_WARN_BLOCK_CAPTURE_AUTORELEASING = YES;
				CLANG_WARN_BOOL_CONVERSION = YES;
				CLANG_WARN_COMMA = YES;
				CLANG_WARN_CONSTANT_CONVERSION = YES;
				CLANG_WARN_DEPRECATED_OBJC_IMPLEMENTATIONS = YES;
				CLANG_WARN_DIRECT_OBJC_ISA_USAGE = YES_ERROR;
				CLANG_WARN_DOCUMENTATION_COMMENTS = YES;
				CLANG_WARN_EMPTY_BODY = YES;
				CLANG_WARN_ENUM_CONVERSION = YES;
				CLANG_WARN_INFINITE_RECURSION = YES;
				CLANG_WARN_INT_CONVERSION = YES;
				CLANG_WARN_NON_LITERAL_NULL_CONVERSION = YES;
				CLANG_WARN_OBJC_IMPLICIT_RETAIN_SELF = YES;
				CLANG_WARN_OBJC_LITERAL_CONVERSION = YES;
				CLANG_WARN_OBJC_ROOT_CLASS = YES_ERROR;
				CLANG_WARN_QUOTED_INCLUDE_IN_FRAMEWORK_HEADER = YES;
				CLANG_WARN_RANGE_LOOP_ANALYSIS = YES;
				CLANG_WARN_STRICT_PROTOTYPES = YES;
				CLANG_WARN_SUSPICIOUS_MOVE = YES;
				CLANG_WARN_UNGUARDED_AVAILABILITY = YES_AGGRESSIVE;
				CLANG_WARN_UNREACHABLE_CODE = YES;
				CLANG_WARN__DUPLICATE_METHOD_MATCH = YES;
				COPY_PHASE_STRIP = NO;
				DEBUG_INFORMATION_FORMAT = dwarf;
				ENABLE_STRICT_OBJC_MSGSEND = YES;
				ENABLE_TESTABILITY = YES;
				ENABLE_USER_SCRIPT_SANDBOXING = YES;
				GCC_C_LANGUAGE_STANDARD = gnu17;
				GCC_DYNAMIC_NO_PIC = NO;
				GCC_NO_COMMON_BLOCKS = YES;
				GCC_OPTIMIZATION_LEVEL = 0;
				GCC_PREPROCESSOR_DEFINITIONS = (
					"DEBUG=1",
					"$(inherited)",
				);
				GCC_WARN_64_TO_32_BIT_CONVERSION = YES;
				GCC_WARN_ABOUT_RETURN_TYPE = YES_ERROR;
				GCC_WARN_UNDECLARED_SELECTOR = YES;
				GCC_WARN_UNINITIALIZED_AUTOS = YES_AGGRESSIVE;
				GCC_WARN_UNUSED_FUNCTION = YES;
				GCC_WARN_UNUSED_VARIABLE = YES;
				LOCALIZATION_PREFERS_STRING_CATALOGS = YES;
				MTL_ENABLE_DEBUG_INFO = INCLUDE_SOURCE;
				MTL_FAST_MATH = YES;
				ONLY_ACTIVE_ARCH = YES;
				SWIFT_ACTIVE_COMPILATION_CONDITIONS = "DEBUG $(inherited)";
				SWIFT_OPTIMIZATION_LEVEL = "-Onone";
			};
			name = Debug;
		};
		B5376A5A2B8BD51C007B3A7A /* Release */ = {
			isa = XCBuildConfiguration;
			buildSettings = {
				ALWAYS_SEARCH_USER_PATHS = NO;
				ASSETCATALOG_COMPILER_GENERATE_SWIFT_ASSET_SYMBOL_EXTENSIONS = YES;
				CLANG_ANALYZER_NONNULL = YES;
				CLANG_ANALYZER_NUMBER_OBJECT_CONVERSION = YES_AGGRESSIVE;
				CLANG_CXX_LANGUAGE_STANDARD = "gnu++20";
				CLANG_ENABLE_MODULES = YES;
				CLANG_ENABLE_OBJC_ARC = YES;
				CLANG_ENABLE_OBJC_WEAK = YES;
				CLANG_WARN_BLOCK_CAPTURE_AUTORELEASING = YES;
				CLANG_WARN_BOOL_CONVERSION = YES;
				CLANG_WARN_COMMA = YES;
				CLANG_WARN_CONSTANT_CONVERSION = YES;
				CLANG_WARN_DEPRECATED_OBJC_IMPLEMENTATIONS = YES;
				CLANG_WARN_DIRECT_OBJC_ISA_USAGE = YES_ERROR;
				CLANG_WARN_DOCUMENTATION_COMMENTS = YES;
				CLANG_WARN_EMPTY_BODY = YES;
				CLANG_WARN_ENUM_CONVERSION = YES;
				CLANG_WARN_INFINITE_RECURSION = YES;
				CLANG_WARN_INT_CONVERSION = YES;
				CLANG_WARN_NON_LITERAL_NULL_CONVERSION = YES;
				CLANG_WARN_OBJC_IMPLICIT_RETAIN_SELF = YES;
				CLANG_WARN_OBJC_LITERAL_CONVERSION = YES;
				CLANG_WARN_OBJC_ROOT_CLASS = YES_ERROR;
				CLANG_WARN_QUOTED_INCLUDE_IN_FRAMEWORK_HEADER = YES;
				CLANG_WARN_RANGE_LOOP_ANALYSIS = YES;
				CLANG_WARN_STRICT_PROTOTYPES = YES;
				CLANG_WARN_SUSPICIOUS_MOVE = YES;
				CLANG_WARN_UNGUARDED_AVAILABILITY = YES_AGGRESSIVE;
				CLANG_WARN_UNREACHABLE_CODE = YES;
				CLANG_WARN__DUPLICATE_METHOD_MATCH = YES;
				COPY_PHASE_STRIP = NO;
				DEBUG_INFORMATION_FORMAT = "dwarf-with-dsym";
				ENABLE_NS_ASSERTIONS = NO;
				ENABLE_STRICT_OBJC_MSGSEND = YES;
				ENABLE_USER_SCRIPT_SANDBOXING = YES;
				GCC_C_LANGUAGE_STANDARD = gnu17;
				GCC_NO_COMMON_BLOCKS = YES;
				GCC_WARN_64_TO_32_BIT_CONVERSION = YES;
				GCC_WARN_ABOUT_RETURN_TYPE = YES_ERROR;
				GCC_WARN_UNDECLARED_SELECTOR = YES;
				GCC_WARN_UNINITIALIZED_AUTOS = YES_AGGRESSIVE;
				GCC_WARN_UNUSED_FUNCTION = YES;
				GCC_WARN_UNUSED_VARIABLE = YES;
				LOCALIZATION_PREFERS_STRING_CATALOGS = YES;
				MTL_ENABLE_DEBUG_INFO = NO;
				MTL_FAST_MATH = YES;
				SWIFT_COMPILATION_MODE = wholemodule;
			};
			name = Release;
		};
		B5376A5C2B8BD51C007B3A7A /* Debug */ = {
			isa = XCBuildConfiguration;
			buildSettings = {
				ASSETCATALOG_COMPILER_APPICON_NAME = AppIcon;
				ASSETCATALOG_COMPILER_GLOBAL_ACCENT_COLOR_NAME = AccentColor;
				CODE_SIGN_ENTITLEMENTS = YetAnotherChatUI/YetAnotherChatUI.entitlements;
				CODE_SIGN_STYLE = Automatic;
				CURRENT_PROJECT_VERSION = 1;
				DEVELOPMENT_ASSET_PATHS = "\"YetAnotherChatUI/Preview Content\"";
				DEVELOPMENT_TEAM = YEPQEK8VPL;
				ENABLE_HARDENED_RUNTIME = YES;
				ENABLE_PREVIEWS = YES;
				GENERATE_INFOPLIST_FILE = YES;
				"INFOPLIST_KEY_UIApplicationSceneManifest_Generation[sdk=iphoneos*]" = YES;
				"INFOPLIST_KEY_UIApplicationSceneManifest_Generation[sdk=iphonesimulator*]" = YES;
				"INFOPLIST_KEY_UIApplicationSupportsIndirectInputEvents[sdk=iphoneos*]" = YES;
				"INFOPLIST_KEY_UIApplicationSupportsIndirectInputEvents[sdk=iphonesimulator*]" = YES;
				"INFOPLIST_KEY_UILaunchScreen_Generation[sdk=iphoneos*]" = YES;
				"INFOPLIST_KEY_UILaunchScreen_Generation[sdk=iphonesimulator*]" = YES;
				"INFOPLIST_KEY_UIStatusBarStyle[sdk=iphoneos*]" = UIStatusBarStyleDefault;
				"INFOPLIST_KEY_UIStatusBarStyle[sdk=iphonesimulator*]" = UIStatusBarStyleDefault;
				INFOPLIST_KEY_UISupportedInterfaceOrientations_iPad = "UIInterfaceOrientationPortrait UIInterfaceOrientationPortraitUpsideDown UIInterfaceOrientationLandscapeLeft UIInterfaceOrientationLandscapeRight";
				INFOPLIST_KEY_UISupportedInterfaceOrientations_iPhone = "UIInterfaceOrientationPortrait UIInterfaceOrientationLandscapeLeft UIInterfaceOrientationLandscapeRight";
				IPHONEOS_DEPLOYMENT_TARGET = 17.2;
				LD_RUNPATH_SEARCH_PATHS = "@executable_path/Frameworks";
				"LD_RUNPATH_SEARCH_PATHS[sdk=macosx*]" = "@executable_path/../Frameworks";
				MACOSX_DEPLOYMENT_TARGET = 14.0;
				MARKETING_VERSION = 1.0;
				PRODUCT_BUNDLE_IDENTIFIER = com.kitsunesoftware.YetAnotherChatUI;
				PRODUCT_NAME = "$(TARGET_NAME)";
				SDKROOT = auto;
				SUPPORTED_PLATFORMS = "iphoneos iphonesimulator macosx";
				SWIFT_EMIT_LOC_STRINGS = YES;
				SWIFT_VERSION = 5.0;
				TARGETED_DEVICE_FAMILY = "1,2";
			};
			name = Debug;
		};
		B5376A5D2B8BD51C007B3A7A /* Release */ = {
			isa = XCBuildConfiguration;
			buildSettings = {
				ASSETCATALOG_COMPILER_APPICON_NAME = AppIcon;
				ASSETCATALOG_COMPILER_GLOBAL_ACCENT_COLOR_NAME = AccentColor;
				CODE_SIGN_ENTITLEMENTS = YetAnotherChatUI/YetAnotherChatUI.entitlements;
				CODE_SIGN_STYLE = Automatic;
				CURRENT_PROJECT_VERSION = 1;
				DEVELOPMENT_ASSET_PATHS = "\"YetAnotherChatUI/Preview Content\"";
				DEVELOPMENT_TEAM = YEPQEK8VPL;
				ENABLE_HARDENED_RUNTIME = YES;
				ENABLE_PREVIEWS = YES;
				GENERATE_INFOPLIST_FILE = YES;
				"INFOPLIST_KEY_UIApplicationSceneManifest_Generation[sdk=iphoneos*]" = YES;
				"INFOPLIST_KEY_UIApplicationSceneManifest_Generation[sdk=iphonesimulator*]" = YES;
				"INFOPLIST_KEY_UIApplicationSupportsIndirectInputEvents[sdk=iphoneos*]" = YES;
				"INFOPLIST_KEY_UIApplicationSupportsIndirectInputEvents[sdk=iphonesimulator*]" = YES;
				"INFOPLIST_KEY_UILaunchScreen_Generation[sdk=iphoneos*]" = YES;
				"INFOPLIST_KEY_UILaunchScreen_Generation[sdk=iphonesimulator*]" = YES;
				"INFOPLIST_KEY_UIStatusBarStyle[sdk=iphoneos*]" = UIStatusBarStyleDefault;
				"INFOPLIST_KEY_UIStatusBarStyle[sdk=iphonesimulator*]" = UIStatusBarStyleDefault;
				INFOPLIST_KEY_UISupportedInterfaceOrientations_iPad = "UIInterfaceOrientationPortrait UIInterfaceOrientationPortraitUpsideDown UIInterfaceOrientationLandscapeLeft UIInterfaceOrientationLandscapeRight";
				INFOPLIST_KEY_UISupportedInterfaceOrientations_iPhone = "UIInterfaceOrientationPortrait UIInterfaceOrientationLandscapeLeft UIInterfaceOrientationLandscapeRight";
				IPHONEOS_DEPLOYMENT_TARGET = 17.2;
				LD_RUNPATH_SEARCH_PATHS = "@executable_path/Frameworks";
				"LD_RUNPATH_SEARCH_PATHS[sdk=macosx*]" = "@executable_path/../Frameworks";
				MACOSX_DEPLOYMENT_TARGET = 14.0;
				MARKETING_VERSION = 1.0;
				PRODUCT_BUNDLE_IDENTIFIER = com.kitsunesoftware.YetAnotherChatUI;
				PRODUCT_NAME = "$(TARGET_NAME)";
				SDKROOT = auto;
				SUPPORTED_PLATFORMS = "iphoneos iphonesimulator macosx";
				SWIFT_EMIT_LOC_STRINGS = YES;
				SWIFT_VERSION = 5.0;
				TARGETED_DEVICE_FAMILY = "1,2";
			};
			name = Release;
		};
/* End XCBuildConfiguration section */

/* Begin XCConfigurationList section */
		B5376A452B8BD51B007B3A7A /* Build configuration list for PBXProject "YetAnotherChatUI" */ = {
			isa = XCConfigurationList;
			buildConfigurations = (
				B5376A592B8BD51C007B3A7A /* Debug */,
				B5376A5A2B8BD51C007B3A7A /* Release */,
			);
			defaultConfigurationIsVisible = 0;
			defaultConfigurationName = Release;
		};
		B5376A5B2B8BD51C007B3A7A /* Build configuration list for PBXNativeTarget "YetAnotherChatUI" */ = {
			isa = XCConfigurationList;
			buildConfigurations = (
				B5376A5C2B8BD51C007B3A7A /* Debug */,
				B5376A5D2B8BD51C007B3A7A /* Release */,
			);
			defaultConfigurationIsVisible = 0;
			defaultConfigurationName = Release;
		};
/* End XCConfigurationList section */
	};
	rootObject = B5376A422B8BD51B007B3A7A /* Project object */;
}
